
Microsoft Visual Studio Solution File, Format Version 12.00
# Visual Studio Version 16
VisualStudioVersion = 16.0.30413.136
MinimumVisualStudioVersion = 10.0.40219.1
Project("{FAE04EC0-301F-11D3-BF4B-00C04F79EFBC}") = "CanIBuyBeer.method", "CanIBuyBeer.method\CanIBuyBeer.method.csproj", "{076719AF-984F-4C19-8F73-C3938B88A939}"
EndProject
Global
	GlobalSection(SolutionConfigurationPlatforms) = preSolution
		Debug|Any CPU = Debug|Any CPU
		Release|Any CPU = Release|Any CPU
	EndGlobalSection
	GlobalSection(ProjectConfigurationPlatforms) = postSolution
		{076719AF-984F-4C19-8F73-C3938B88A939}.Debug|Any CPU.ActiveCfg = Debug|Any CPU
		{076719AF-984F-4C19-8F73-C3938B88A939}.Debug|Any CPU.Build.0 = Debug|Any CPU
		{076719AF-984F-4C19-8F73-C3938B88A939}.Release|Any CPU.ActiveCfg = Release|Any CPU
		{076719AF-984F-4C19-8F73-C3938B88A939}.Release|Any CPU.Build.0 = Release|Any CPU
	EndGlobalSection
	GlobalSection(SolutionProperties) = preSolution
		HideSolutionNode = FALSE
	EndGlobalSection
	GlobalSection(ExtensibilityGlobals) = postSolution
		SolutionGuid = {2F0B2D10-6AB5-4BDC-B751-F590BBEEE84C}
	EndGlobalSection
EndGlobal
